
Microsoft Visual Studio Solution File, Format Version 12.00
# Visual Studio Version 16
VisualStudioVersion = 16.0.29709.97
MinimumVisualStudioVersion = 10.0.40219.1
Project("{FAE04EC0-301F-11D3-BF4B-00C04F79EFBC}") = "MJU.DataCenter.WebUI", "MJU.DataCenter.WebUI\MJU.DataCenter.WebUI.csproj", "{458161E6-FB42-47DB-9778-88E3EEB7EB61}"
EndProject
Project("{FAE04EC0-301F-11D3-BF4B-00C04F79EFBC}") = "MJU.DataCenter.Service", "MJU.DataCenter.Service\MJU.DataCenter.Service.csproj", "{8FB79F96-CD6A-4B9C-8A2C-C1D4BCAACC42}"
EndProject
Project("{FAE04EC0-301F-11D3-BF4B-00C04F79EFBC}") = "MJU.DataCenter.Person", "MJU.DataCenter.Person\MJU.DataCenter.Person.csproj", "{6B26B759-FD43-43D3-BAE9-0CA64EFA36E4}"
EndProject
Global
	GlobalSection(SolutionConfigurationPlatforms) = preSolution
		Debug|Any CPU = Debug|Any CPU
		Release|Any CPU = Release|Any CPU
	EndGlobalSection
	GlobalSection(ProjectConfigurationPlatforms) = postSolution
		{458161E6-FB42-47DB-9778-88E3EEB7EB61}.Debug|Any CPU.ActiveCfg = Debug|Any CPU
		{458161E6-FB42-47DB-9778-88E3EEB7EB61}.Debug|Any CPU.Build.0 = Debug|Any CPU
		{458161E6-FB42-47DB-9778-88E3EEB7EB61}.Release|Any CPU.ActiveCfg = Release|Any CPU
		{458161E6-FB42-47DB-9778-88E3EEB7EB61}.Release|Any CPU.Build.0 = Release|Any CPU
		{8FB79F96-CD6A-4B9C-8A2C-C1D4BCAACC42}.Debug|Any CPU.ActiveCfg = Debug|Any CPU
		{8FB79F96-CD6A-4B9C-8A2C-C1D4BCAACC42}.Debug|Any CPU.Build.0 = Debug|Any CPU
		{8FB79F96-CD6A-4B9C-8A2C-C1D4BCAACC42}.Release|Any CPU.ActiveCfg = Release|Any CPU
		{8FB79F96-CD6A-4B9C-8A2C-C1D4BCAACC42}.Release|Any CPU.Build.0 = Release|Any CPU
		{6B26B759-FD43-43D3-BAE9-0CA64EFA36E4}.Debug|Any CPU.ActiveCfg = Debug|Any CPU
		{6B26B759-FD43-43D3-BAE9-0CA64EFA36E4}.Debug|Any CPU.Build.0 = Debug|Any CPU
		{6B26B759-FD43-43D3-BAE9-0CA64EFA36E4}.Release|Any CPU.ActiveCfg = Release|Any CPU
		{6B26B759-FD43-43D3-BAE9-0CA64EFA36E4}.Release|Any CPU.Build.0 = Release|Any CPU
	EndGlobalSection
	GlobalSection(SolutionProperties) = preSolution
		HideSolutionNode = FALSE
	EndGlobalSection
	GlobalSection(ExtensibilityGlobals) = postSolution
		SolutionGuid = {94CA64FD-DEC9-488C-BDF6-2E3D7F8C6501}
	EndGlobalSection
EndGlobal
