
Microsoft Visual Studio Solution File, Format Version 12.00
# Visual Studio Version 16
VisualStudioVersion = 16.0.29709.97
MinimumVisualStudioVersion = 10.0.40219.1
Project("{FAE04EC0-301F-11D3-BF4B-00C04F79EFBC}") = "MJU.DataCenter.Web", "MJU.DataCenter.Web\MJU.DataCenter.Web.csproj", "{985FF500-3EE1-423F-A074-4B9871DF9595}"
EndProject
Project("{FAE04EC0-301F-11D3-BF4B-00C04F79EFBC}") = "MJU.DataCenter.Service", "MJU.DataCenter.Service\MJU.DataCenter.Service.csproj", "{8FB79F96-CD6A-4B9C-8A2C-C1D4BCAACC42}"
EndProject
Project("{FAE04EC0-301F-11D3-BF4B-00C04F79EFBC}") = "MJU.DataCenter.Personnel", "MJU.DataCenter.Person\MJU.DataCenter.Personnel.csproj", "{3B9B3B76-9AB6-448B-8768-FC2F6FA67A94}"
EndProject
Project("{FAE04EC0-301F-11D3-BF4B-00C04F79EFBC}") = "MJU.DataCenter.ResearchExtension", "MJU.DataCenter.ResearchExtension\MJU.DataCenter.ResearchExtension.csproj", "{F825BF82-57A4-4448-809D-D291D434A786}"
EndProject
Global
	GlobalSection(SolutionConfigurationPlatforms) = preSolution
		Debug|Any CPU = Debug|Any CPU
		Release|Any CPU = Release|Any CPU
	EndGlobalSection
	GlobalSection(ProjectConfigurationPlatforms) = postSolution
		{8FB79F96-CD6A-4B9C-8A2C-C1D4BCAACC42}.Debug|Any CPU.ActiveCfg = Debug|Any CPU
		{8FB79F96-CD6A-4B9C-8A2C-C1D4BCAACC42}.Debug|Any CPU.Build.0 = Debug|Any CPU
		{8FB79F96-CD6A-4B9C-8A2C-C1D4BCAACC42}.Release|Any CPU.ActiveCfg = Release|Any CPU
		{8FB79F96-CD6A-4B9C-8A2C-C1D4BCAACC42}.Release|Any CPU.Build.0 = Release|Any CPU
		{3B9B3B76-9AB6-448B-8768-FC2F6FA67A94}.Debug|Any CPU.ActiveCfg = Debug|Any CPU
		{3B9B3B76-9AB6-448B-8768-FC2F6FA67A94}.Debug|Any CPU.Build.0 = Debug|Any CPU
		{3B9B3B76-9AB6-448B-8768-FC2F6FA67A94}.Release|Any CPU.ActiveCfg = Release|Any CPU
		{3B9B3B76-9AB6-448B-8768-FC2F6FA67A94}.Release|Any CPU.Build.0 = Release|Any CPU
		{F825BF82-57A4-4448-809D-D291D434A786}.Debug|Any CPU.ActiveCfg = Debug|Any CPU
		{F825BF82-57A4-4448-809D-D291D434A786}.Debug|Any CPU.Build.0 = Debug|Any CPU
		{F825BF82-57A4-4448-809D-D291D434A786}.Release|Any CPU.ActiveCfg = Release|Any CPU
		{F825BF82-57A4-4448-809D-D291D434A786}.Release|Any CPU.Build.0 = Release|Any CPU
	EndGlobalSection
	GlobalSection(SolutionProperties) = preSolution
		HideSolutionNode = FALSE
	EndGlobalSection
	GlobalSection(ExtensibilityGlobals) = postSolution
		SolutionGuid = {94CA64FD-DEC9-488C-BDF6-2E3D7F8C6501}
	EndGlobalSection
EndGlobal
