
Microsoft Visual Studio Solution File, Format Version 12.00
# Visual Studio Version 16
VisualStudioVersion = 16.0.29709.97
MinimumVisualStudioVersion = 10.0.40219.1
Project("{FAE04EC0-301F-11D3-BF4B-00C04F79EFBC}") = "MJU.DataCenter.Web", "MJU.DataCenter.Web\MJU.DataCenter.Web.csproj", "{985FF500-3EE1-423F-A074-4B9871DF9595}"
EndProject
Project("{9A19103F-16F7-4668-BE54-9A1E7A4F7556}") = "MJU.DataCenter.ResearchExtension", "MJU.DataCenter.ResearchExtension\MJU.DataCenter.ResearchExtension.csproj", "{F825BF82-57A4-4448-809D-D291D434A786}"
EndProject
Project("{9A19103F-16F7-4668-BE54-9A1E7A4F7556}") = "MJU.DataCenter.Personnel", "MJU.DataCenter.Personnel\MJU.DataCenter.Personnel.csproj", "{DF445074-B55B-4565-A3BD-3E8B53118FB0}"
EndProject
Project("{FAE04EC0-301F-11D3-BF4B-00C04F79EFBC}") = "MJU.DataCenter.WebUI", "MJU.DataCenter.WebUI\MJU.DataCenter.WebUI.csproj", "{4D76047A-EE31-4131-894F-1983EED44B20}"
EndProject
Global
	GlobalSection(SolutionConfigurationPlatforms) = preSolution
		Debug|Any CPU = Debug|Any CPU
		Release|Any CPU = Release|Any CPU
	EndGlobalSection
	GlobalSection(ProjectConfigurationPlatforms) = postSolution
		{985FF500-3EE1-423F-A074-4B9871DF9595}.Debug|Any CPU.ActiveCfg = Debug|Any CPU
		{985FF500-3EE1-423F-A074-4B9871DF9595}.Debug|Any CPU.Build.0 = Debug|Any CPU
		{985FF500-3EE1-423F-A074-4B9871DF9595}.Release|Any CPU.ActiveCfg = Release|Any CPU
		{985FF500-3EE1-423F-A074-4B9871DF9595}.Release|Any CPU.Build.0 = Release|Any CPU
		{F825BF82-57A4-4448-809D-D291D434A786}.Debug|Any CPU.ActiveCfg = Debug|Any CPU
		{F825BF82-57A4-4448-809D-D291D434A786}.Debug|Any CPU.Build.0 = Debug|Any CPU
		{F825BF82-57A4-4448-809D-D291D434A786}.Release|Any CPU.ActiveCfg = Release|Any CPU
		{F825BF82-57A4-4448-809D-D291D434A786}.Release|Any CPU.Build.0 = Release|Any CPU
		{DF445074-B55B-4565-A3BD-3E8B53118FB0}.Debug|Any CPU.ActiveCfg = Debug|Any CPU
		{DF445074-B55B-4565-A3BD-3E8B53118FB0}.Debug|Any CPU.Build.0 = Debug|Any CPU
		{DF445074-B55B-4565-A3BD-3E8B53118FB0}.Release|Any CPU.ActiveCfg = Release|Any CPU
		{DF445074-B55B-4565-A3BD-3E8B53118FB0}.Release|Any CPU.Build.0 = Release|Any CPU
		{4D76047A-EE31-4131-894F-1983EED44B20}.Debug|Any CPU.ActiveCfg = Debug|Any CPU
		{4D76047A-EE31-4131-894F-1983EED44B20}.Debug|Any CPU.Build.0 = Debug|Any CPU
		{4D76047A-EE31-4131-894F-1983EED44B20}.Release|Any CPU.ActiveCfg = Release|Any CPU
		{4D76047A-EE31-4131-894F-1983EED44B20}.Release|Any CPU.Build.0 = Release|Any CPU
	EndGlobalSection
	GlobalSection(SolutionProperties) = preSolution
		HideSolutionNode = FALSE
	EndGlobalSection
	GlobalSection(ExtensibilityGlobals) = postSolution
		SolutionGuid = {94CA64FD-DEC9-488C-BDF6-2E3D7F8C6501}
	EndGlobalSection
EndGlobal
